
Microsoft Visual Studio Solution File, Format Version 12.00
# Visual Studio Version 17
VisualStudioVersion = 17.10.35122.118
MinimumVisualStudioVersion = 10.0.40219.1
Project("{FAE04EC0-301F-11D3-BF4B-00C04F79EFBC}") = "AR_VehicleServiceManagement", "AR_VehicleServiceManagement.csproj", "{D0DC40BB-25BD-4A98-ABAA-B932F104DAE1}"
EndProject
Global
	GlobalSection(SolutionConfigurationPlatforms) = preSolution
		Debug|Any CPU = Debug|Any CPU
		Release|Any CPU = Release|Any CPU
	EndGlobalSection
	GlobalSection(ProjectConfigurationPlatforms) = postSolution
		{D0DC40BB-25BD-4A98-ABAA-B932F104DAE1}.Debug|Any CPU.ActiveCfg = Debug|Any CPU
		{D0DC40BB-25BD-4A98-ABAA-B932F104DAE1}.Debug|Any CPU.Build.0 = Debug|Any CPU
		{D0DC40BB-25BD-4A98-ABAA-B932F104DAE1}.Release|Any CPU.ActiveCfg = Release|Any CPU
		{D0DC40BB-25BD-4A98-ABAA-B932F104DAE1}.Release|Any CPU.Build.0 = Release|Any CPU
	EndGlobalSection
	GlobalSection(SolutionProperties) = preSolution
		HideSolutionNode = FALSE
	EndGlobalSection
	GlobalSection(ExtensibilityGlobals) = postSolution
		SolutionGuid = {7CBB32F2-6C1B-489C-AB78-7B457AC30E07}
	EndGlobalSection
EndGlobal
